
Microsoft Visual Studio Solution File, Format Version 12.00
# Visual Studio Version 17
VisualStudioVersion = 17.9.34714.143
MinimumVisualStudioVersion = 10.0.40219.1
Project("{FAE04EC0-301F-11D3-BF4B-00C04F79EFBC}") = "Vinabook", "Vinabook\Vinabook.csproj", "{638E427E-AD71-435C-A415-6CBF28C3ABA8}"
EndProject
Global
	GlobalSection(SolutionConfigurationPlatforms) = preSolution
		Debug|Any CPU = Debug|Any CPU
		Release|Any CPU = Release|Any CPU
	EndGlobalSection
	GlobalSection(ProjectConfigurationPlatforms) = postSolution
		{638E427E-AD71-435C-A415-6CBF28C3ABA8}.Debug|Any CPU.ActiveCfg = Debug|Any CPU
		{638E427E-AD71-435C-A415-6CBF28C3ABA8}.Debug|Any CPU.Build.0 = Debug|Any CPU
		{638E427E-AD71-435C-A415-6CBF28C3ABA8}.Release|Any CPU.ActiveCfg = Release|Any CPU
		{638E427E-AD71-435C-A415-6CBF28C3ABA8}.Release|Any CPU.Build.0 = Release|Any CPU
	EndGlobalSection
	GlobalSection(SolutionProperties) = preSolution
		HideSolutionNode = FALSE
	EndGlobalSection
	GlobalSection(ExtensibilityGlobals) = postSolution
		SolutionGuid = {E066A4BE-9187-49A6-9E0C-C723A7F62C7A}
	EndGlobalSection
EndGlobal
